
Microsoft Visual Studio Solution File, Format Version 12.00
# Visual Studio 14
VisualStudioVersion = 14.0.25420.1
MinimumVisualStudioVersion = 10.0.40219.1
Project("{FAE04EC0-301F-11D3-BF4B-00C04F79EFBC}") = "Demos", "Demos\Demos.csproj", "{95C19553-0C96-49B7-B8A0-D55D731FAC7F}"
EndProject
Global
	GlobalSection(SolutionConfigurationPlatforms) = preSolution
		Debug|Any CPU = Debug|Any CPU
		Release|Any CPU = Release|Any CPU
	EndGlobalSection
	GlobalSection(ProjectConfigurationPlatforms) = postSolution
		{95C19553-0C96-49B7-B8A0-D55D731FAC7F}.Debug|Any CPU.ActiveCfg = Debug|Any CPU
		{95C19553-0C96-49B7-B8A0-D55D731FAC7F}.Debug|Any CPU.Build.0 = Debug|Any CPU
		{95C19553-0C96-49B7-B8A0-D55D731FAC7F}.Release|Any CPU.ActiveCfg = Release|Any CPU
		{95C19553-0C96-49B7-B8A0-D55D731FAC7F}.Release|Any CPU.Build.0 = Release|Any CPU
	EndGlobalSection
	GlobalSection(SolutionProperties) = preSolution
		HideSolutionNode = FALSE
	EndGlobalSection
EndGlobal
