
Microsoft Visual Studio Solution File, Format Version 12.00
# Visual Studio 14
VisualStudioVersion = 14.0.25420.1
MinimumVisualStudioVersion = 10.0.40219.1
Project("{E24C65DC-7377-472B-9ABA-BC803B73C61A}") = "Website", "Website\", "{C0D0A6FA-ED33-4B81-9EAC-E74CCABDB271}"
	ProjectSection(WebsiteProperties) = preProject
		TargetFrameworkMoniker = ".NETFramework,Version%3Dv4.5.2"
		Debug.AspNetCompiler.VirtualPath = "/localhost_5944"
		Debug.AspNetCompiler.PhysicalPath = "Website\"
		Debug.AspNetCompiler.TargetPath = "PrecompiledWeb\localhost_5944\"
		Debug.AspNetCompiler.Updateable = "true"
		Debug.AspNetCompiler.ForceOverwrite = "true"
		Debug.AspNetCompiler.FixedNames = "false"
		Debug.AspNetCompiler.Debug = "True"
		Release.AspNetCompiler.VirtualPath = "/localhost_5944"
		Release.AspNetCompiler.PhysicalPath = "Website\"
		Release.AspNetCompiler.TargetPath = "PrecompiledWeb\localhost_5944\"
		Release.AspNetCompiler.Updateable = "true"
		Release.AspNetCompiler.ForceOverwrite = "true"
		Release.AspNetCompiler.FixedNames = "false"
		Release.AspNetCompiler.Debug = "False"
		VWDPort = "5944"
		SlnRelativePath = "Website\"
		DefaultWebSiteLanguage = "Visual C#"
	EndProjectSection
EndProject
Project("{FAE04EC0-301F-11D3-BF4B-00C04F79EFBC}") = "Northwind.Data", "Northwind.Data\Northwind.Data.csproj", "{D79EE41F-90B0-4841-8793-143301BC80B4}"
EndProject
Project("{FAE04EC0-301F-11D3-BF4B-00C04F79EFBC}") = "Northwind.Console", "Northwind.Console\Northwind.Console.csproj", "{730E4D53-6009-4D1D-B4D9-CCF8C9CEC3A3}"
EndProject
Global
	GlobalSection(SolutionConfigurationPlatforms) = preSolution
		Debug|Any CPU = Debug|Any CPU
		Release|Any CPU = Release|Any CPU
	EndGlobalSection
	GlobalSection(ProjectConfigurationPlatforms) = postSolution
		{D79EE41F-90B0-4841-8793-143301BC80B4}.Debug|Any CPU.ActiveCfg = Debug|Any CPU
		{D79EE41F-90B0-4841-8793-143301BC80B4}.Debug|Any CPU.Build.0 = Debug|Any CPU
		{D79EE41F-90B0-4841-8793-143301BC80B4}.Release|Any CPU.ActiveCfg = Release|Any CPU
		{D79EE41F-90B0-4841-8793-143301BC80B4}.Release|Any CPU.Build.0 = Release|Any CPU
		{730E4D53-6009-4D1D-B4D9-CCF8C9CEC3A3}.Debug|Any CPU.ActiveCfg = Debug|Any CPU
		{730E4D53-6009-4D1D-B4D9-CCF8C9CEC3A3}.Debug|Any CPU.Build.0 = Debug|Any CPU
		{730E4D53-6009-4D1D-B4D9-CCF8C9CEC3A3}.Release|Any CPU.ActiveCfg = Release|Any CPU
		{730E4D53-6009-4D1D-B4D9-CCF8C9CEC3A3}.Release|Any CPU.Build.0 = Release|Any CPU
		{C0D0A6FA-ED33-4B81-9EAC-E74CCABDB271}.Debug|Any CPU.ActiveCfg = Debug|Any CPU
		{C0D0A6FA-ED33-4B81-9EAC-E74CCABDB271}.Debug|Any CPU.Build.0 = Debug|Any CPU
		{C0D0A6FA-ED33-4B81-9EAC-E74CCABDB271}.Release|Any CPU.ActiveCfg = Debug|Any CPU
		{C0D0A6FA-ED33-4B81-9EAC-E74CCABDB271}.Release|Any CPU.Build.0 = Debug|Any CPU
	EndGlobalSection
	GlobalSection(SolutionProperties) = preSolution
		HideSolutionNode = FALSE
	EndGlobalSection
EndGlobal
