
Microsoft Visual Studio Solution File, Format Version 12.00
# Visual Studio 14
VisualStudioVersion = 14.0.25420.1
MinimumVisualStudioVersion = 10.0.40219.1
Project("{FAE04EC0-301F-11D3-BF4B-00C04F79EFBC}") = "Draw", "Draw\Draw.csproj", "{A1668674-ABC1-4D20-9BDD-0B79F066E118}"
EndProject
Global
	GlobalSection(SolutionConfigurationPlatforms) = preSolution
		Debug|Any CPU = Debug|Any CPU
		Release|Any CPU = Release|Any CPU
	EndGlobalSection
	GlobalSection(ProjectConfigurationPlatforms) = postSolution
		{A1668674-ABC1-4D20-9BDD-0B79F066E118}.Debug|Any CPU.ActiveCfg = Debug|Any CPU
		{A1668674-ABC1-4D20-9BDD-0B79F066E118}.Debug|Any CPU.Build.0 = Debug|Any CPU
		{A1668674-ABC1-4D20-9BDD-0B79F066E118}.Release|Any CPU.ActiveCfg = Release|Any CPU
		{A1668674-ABC1-4D20-9BDD-0B79F066E118}.Release|Any CPU.Build.0 = Release|Any CPU
	EndGlobalSection
	GlobalSection(SolutionProperties) = preSolution
		HideSolutionNode = FALSE
	EndGlobalSection
EndGlobal
